
Microsoft Visual Studio Solution File, Format Version 11.00
# Visual Studio 2010
Project("{FAE04EC0-301F-11D3-BF4B-00C04F79EFBC}") = "Sliders", "Sliders.csproj", "{592E5266-A0AC-4ABE-96B6-203D50E1A340}"
EndProject
Global
	GlobalSection(SolutionConfigurationPlatforms) = preSolution
		Debug|x86 = Debug|x86
		Release|x86 = Release|x86
	EndGlobalSection
	GlobalSection(ProjectConfigurationPlatforms) = postSolution
		{592E5266-A0AC-4ABE-96B6-203D50E1A340}.Debug|x86.ActiveCfg = Debug|x86
		{592E5266-A0AC-4ABE-96B6-203D50E1A340}.Debug|x86.Build.0 = Debug|x86
		{592E5266-A0AC-4ABE-96B6-203D50E1A340}.Release|x86.ActiveCfg = Release|x86
		{592E5266-A0AC-4ABE-96B6-203D50E1A340}.Release|x86.Build.0 = Release|x86
	EndGlobalSection
	GlobalSection(SolutionProperties) = preSolution
		HideSolutionNode = FALSE
	EndGlobalSection
EndGlobal
